// !$*UTF8*$!
{
	archiveVersion = 1;
	classes = {
	};
	objectVersion = 56;
	objects = {

/* Begin PBXBuildFile section */
		32490D0E2AC47134001D7F06 /* Alamofire in Frameworks */ = {isa = PBXBuildFile; productRef = 32490D0D2AC47134001D7F06 /* Alamofire */; };
		32490D112AC47200001D7F06 /* Lottie in Frameworks */ = {isa = PBXBuildFile; productRef = 32490D102AC47200001D7F06 /* Lottie */; };
		32490D142AC4724C001D7F06 /* Kingfisher in Frameworks */ = {isa = PBXBuildFile; productRef = 32490D132AC4724C001D7F06 /* Kingfisher */; };
		32E2BDAB2AC4636A00257ADA /* AppDelegate.swift in Sources */ = {isa = PBXBuildFile; fileRef = 32E2BDAA2AC4636A00257ADA /* AppDelegate.swift */; };
		32E2BDAD2AC4636A00257ADA /* SceneDelegate.swift in Sources */ = {isa = PBXBuildFile; fileRef = 32E2BDAC2AC4636A00257ADA /* SceneDelegate.swift */; };
		32E2BDB52AC4636A00257ADA /* SportsProject.xcdatamodeld in Sources */ = {isa = PBXBuildFile; fileRef = 32E2BDB32AC4636A00257ADA /* SportsProject.xcdatamodeld */; };
		32E2BDB72AC4636C00257ADA /* Assets.xcassets in Resources */ = {isa = PBXBuildFile; fileRef = 32E2BDB62AC4636C00257ADA /* Assets.xcassets */; };
		32E2BDBA2AC4636C00257ADA /* LaunchScreen.storyboard in Resources */ = {isa = PBXBuildFile; fileRef = 32E2BDB82AC4636C00257ADA /* LaunchScreen.storyboard */; };
		32E2BDC52AC4636C00257ADA /* SportsProjectTests.swift in Sources */ = {isa = PBXBuildFile; fileRef = 32E2BDC42AC4636C00257ADA /* SportsProjectTests.swift */; };
		32E2BDCF2AC4636C00257ADA /* SportsProjectUITests.swift in Sources */ = {isa = PBXBuildFile; fileRef = 32E2BDCE2AC4636C00257ADA /* SportsProjectUITests.swift */; };
		32E2BDD12AC4636C00257ADA /* SportsProjectUITestsLaunchTests.swift in Sources */ = {isa = PBXBuildFile; fileRef = 32E2BDD02AC4636C00257ADA /* SportsProjectUITestsLaunchTests.swift */; };
		32E2BDEA2AC4693400257ADA /* HomeViewController.swift in Sources */ = {isa = PBXBuildFile; fileRef = 32E2BDE82AC4693400257ADA /* HomeViewController.swift */; };
		32E2BDEB2AC4693400257ADA /* HomeViewController.xib in Resources */ = {isa = PBXBuildFile; fileRef = 32E2BDE92AC4693400257ADA /* HomeViewController.xib */; };
		E548A8272AC47EF4001582FA /* URLs.swift in Sources */ = {isa = PBXBuildFile; fileRef = E548A8262AC47EF4001582FA /* URLs.swift */; };
		E548A8292AC4826A001582FA /* TargetType.swift in Sources */ = {isa = PBXBuildFile; fileRef = E548A8282AC4826A001582FA /* TargetType.swift */; };
		E548A82B2AC4829F001582FA /* BaseAPI.swift in Sources */ = {isa = PBXBuildFile; fileRef = E548A82A2AC4829F001582FA /* BaseAPI.swift */; };
		E548A82D2AC482D8001582FA /* ErrorMessage.swift in Sources */ = {isa = PBXBuildFile; fileRef = E548A82C2AC482D8001582FA /* ErrorMessage.swift */; };
		E548A8302AC48753001582FA /* LeaguesViewController.swift in Sources */ = {isa = PBXBuildFile; fileRef = E548A82E2AC48753001582FA /* LeaguesViewController.swift */; };
		E548A8312AC48753001582FA /* LeaguesViewController.xib in Resources */ = {isa = PBXBuildFile; fileRef = E548A82F2AC48753001582FA /* LeaguesViewController.xib */; };
		E548A8352AC4880D001582FA /* LeaguesCell.swift in Sources */ = {isa = PBXBuildFile; fileRef = E548A8332AC4880D001582FA /* LeaguesCell.swift */; };
		E548A8362AC4880D001582FA /* LeaguesCell.xib in Resources */ = {isa = PBXBuildFile; fileRef = E548A8342AC4880D001582FA /* LeaguesCell.xib */; };
		E548A8382AC48F94001582FA /* Constant.swift in Sources */ = {isa = PBXBuildFile; fileRef = E548A8372AC48F94001582FA /* Constant.swift */; };
		E548A83B2AC4914E001582FA /* UITableViewCell + Identifier.swift in Sources */ = {isa = PBXBuildFile; fileRef = E548A83A2AC4914E001582FA /* UITableViewCell + Identifier.swift */; };
		E548A83D2AC49171001582FA /* UIViewController + Identifier.swift in Sources */ = {isa = PBXBuildFile; fileRef = E548A83C2AC49171001582FA /* UIViewController + Identifier.swift */; };
		E548A8412AC49334001582FA /* LeaguesProtocol.swift in Sources */ = {isa = PBXBuildFile; fileRef = E548A8402AC49333001582FA /* LeaguesProtocol.swift */; };
		E548A8432AC493ED001582FA /* LeaguesPresenter.swift in Sources */ = {isa = PBXBuildFile; fileRef = E548A8422AC493ED001582FA /* LeaguesPresenter.swift */; };
		E548A8452AC496AB001582FA /* LeaguesModel.swift in Sources */ = {isa = PBXBuildFile; fileRef = E548A8442AC496AB001582FA /* LeaguesModel.swift */; };
		E548A8482AC4AD8C001582FA /* LeaguesAPI.swift in Sources */ = {isa = PBXBuildFile; fileRef = E548A8472AC4AD8C001582FA /* LeaguesAPI.swift */; };
		E548A84A2AC4ADA5001582FA /* LeaguesAPIProtocol.swift in Sources */ = {isa = PBXBuildFile; fileRef = E548A8492AC4ADA5001582FA /* LeaguesAPIProtocol.swift */; };
		E548A84C2AC4AE3E001582FA /* LeaguesNetworking.swift in Sources */ = {isa = PBXBuildFile; fileRef = E548A84B2AC4AE3E001582FA /* LeaguesNetworking.swift */; };
		E548A84E2AC4BD7C001582FA /* LeaguesData.swift in Sources */ = {isa = PBXBuildFile; fileRef = E548A84D2AC4BD7C001582FA /* LeaguesData.swift */; };
		E548A8502AC4D80E001582FA /* CustomView.swift in Sources */ = {isa = PBXBuildFile; fileRef = E548A84F2AC4D80E001582FA /* CustomView.swift */; };
/* End PBXBuildFile section */

/* Begin PBXContainerItemProxy section */
		32E2BDC12AC4636C00257ADA /* PBXContainerItemProxy */ = {
			isa = PBXContainerItemProxy;
			containerPortal = 32E2BD9F2AC4636A00257ADA /* Project object */;
			proxyType = 1;
			remoteGlobalIDString = 32E2BDA62AC4636A00257ADA;
			remoteInfo = SportsProject;
		};
		32E2BDCB2AC4636C00257ADA /* PBXContainerItemProxy */ = {
			isa = PBXContainerItemProxy;
			containerPortal = 32E2BD9F2AC4636A00257ADA /* Project object */;
			proxyType = 1;
			remoteGlobalIDString = 32E2BDA62AC4636A00257ADA;
			remoteInfo = SportsProject;
		};
/* End PBXContainerItemProxy section */

/* Begin PBXFileReference section */
		32E2BDA72AC4636A00257ADA /* SportsProject.app */ = {isa = PBXFileReference; explicitFileType = wrapper.application; includeInIndex = 0; path = SportsProject.app; sourceTree = BUILT_PRODUCTS_DIR; };
		32E2BDAA2AC4636A00257ADA /* AppDelegate.swift */ = {isa = PBXFileReference; lastKnownFileType = sourcecode.swift; path = AppDelegate.swift; sourceTree = "<group>"; };
		32E2BDAC2AC4636A00257ADA /* SceneDelegate.swift */ = {isa = PBXFileReference; lastKnownFileType = sourcecode.swift; path = SceneDelegate.swift; sourceTree = "<group>"; };
		32E2BDB42AC4636A00257ADA /* SportsProject.xcdatamodel */ = {isa = PBXFileReference; lastKnownFileType = wrapper.xcdatamodel; path = SportsProject.xcdatamodel; sourceTree = "<group>"; };
		32E2BDB62AC4636C00257ADA /* Assets.xcassets */ = {isa = PBXFileReference; lastKnownFileType = folder.assetcatalog; path = Assets.xcassets; sourceTree = "<group>"; };
		32E2BDB92AC4636C00257ADA /* Base */ = {isa = PBXFileReference; lastKnownFileType = file.storyboard; name = Base; path = Base.lproj/LaunchScreen.storyboard; sourceTree = "<group>"; };
		32E2BDBB2AC4636C00257ADA /* Info.plist */ = {isa = PBXFileReference; lastKnownFileType = text.plist.xml; path = Info.plist; sourceTree = "<group>"; };
		32E2BDC02AC4636C00257ADA /* SportsProjectTests.xctest */ = {isa = PBXFileReference; explicitFileType = wrapper.cfbundle; includeInIndex = 0; path = SportsProjectTests.xctest; sourceTree = BUILT_PRODUCTS_DIR; };
		32E2BDC42AC4636C00257ADA /* SportsProjectTests.swift */ = {isa = PBXFileReference; lastKnownFileType = sourcecode.swift; path = SportsProjectTests.swift; sourceTree = "<group>"; };
		32E2BDCA2AC4636C00257ADA /* SportsProjectUITests.xctest */ = {isa = PBXFileReference; explicitFileType = wrapper.cfbundle; includeInIndex = 0; path = SportsProjectUITests.xctest; sourceTree = BUILT_PRODUCTS_DIR; };
		32E2BDCE2AC4636C00257ADA /* SportsProjectUITests.swift */ = {isa = PBXFileReference; lastKnownFileType = sourcecode.swift; path = SportsProjectUITests.swift; sourceTree = "<group>"; };
		32E2BDD02AC4636C00257ADA /* SportsProjectUITestsLaunchTests.swift */ = {isa = PBXFileReference; lastKnownFileType = sourcecode.swift; path = SportsProjectUITestsLaunchTests.swift; sourceTree = "<group>"; };
		32E2BDE82AC4693400257ADA /* HomeViewController.swift */ = {isa = PBXFileReference; lastKnownFileType = sourcecode.swift; path = HomeViewController.swift; sourceTree = "<group>"; };
		32E2BDE92AC4693400257ADA /* HomeViewController.xib */ = {isa = PBXFileReference; lastKnownFileType = file.xib; path = HomeViewController.xib; sourceTree = "<group>"; };
		E548A8262AC47EF4001582FA /* URLs.swift */ = {isa = PBXFileReference; lastKnownFileType = sourcecode.swift; path = URLs.swift; sourceTree = "<group>"; };
		E548A8282AC4826A001582FA /* TargetType.swift */ = {isa = PBXFileReference; lastKnownFileType = sourcecode.swift; path = TargetType.swift; sourceTree = "<group>"; };
		E548A82A2AC4829F001582FA /* BaseAPI.swift */ = {isa = PBXFileReference; lastKnownFileType = sourcecode.swift; path = BaseAPI.swift; sourceTree = "<group>"; };
		E548A82C2AC482D8001582FA /* ErrorMessage.swift */ = {isa = PBXFileReference; lastKnownFileType = sourcecode.swift; path = ErrorMessage.swift; sourceTree = "<group>"; };
		E548A82E2AC48753001582FA /* LeaguesViewController.swift */ = {isa = PBXFileReference; lastKnownFileType = sourcecode.swift; path = LeaguesViewController.swift; sourceTree = "<group>"; };
		E548A82F2AC48753001582FA /* LeaguesViewController.xib */ = {isa = PBXFileReference; lastKnownFileType = file.xib; path = LeaguesViewController.xib; sourceTree = "<group>"; };
		E548A8332AC4880D001582FA /* LeaguesCell.swift */ = {isa = PBXFileReference; lastKnownFileType = sourcecode.swift; path = LeaguesCell.swift; sourceTree = "<group>"; };
		E548A8342AC4880D001582FA /* LeaguesCell.xib */ = {isa = PBXFileReference; lastKnownFileType = file.xib; path = LeaguesCell.xib; sourceTree = "<group>"; };
		E548A8372AC48F94001582FA /* Constant.swift */ = {isa = PBXFileReference; lastKnownFileType = sourcecode.swift; path = Constant.swift; sourceTree = "<group>"; };
		E548A83A2AC4914E001582FA /* UITableViewCell + Identifier.swift */ = {isa = PBXFileReference; lastKnownFileType = sourcecode.swift; path = "UITableViewCell + Identifier.swift"; sourceTree = "<group>"; };
		E548A83C2AC49171001582FA /* UIViewController + Identifier.swift */ = {isa = PBXFileReference; lastKnownFileType = sourcecode.swift; path = "UIViewController + Identifier.swift"; sourceTree = "<group>"; };
		E548A8402AC49333001582FA /* LeaguesProtocol.swift */ = {isa = PBXFileReference; lastKnownFileType = sourcecode.swift; path = LeaguesProtocol.swift; sourceTree = "<group>"; };
		E548A8422AC493ED001582FA /* LeaguesPresenter.swift */ = {isa = PBXFileReference; lastKnownFileType = sourcecode.swift; path = LeaguesPresenter.swift; sourceTree = "<group>"; };
		E548A8442AC496AB001582FA /* LeaguesModel.swift */ = {isa = PBXFileReference; lastKnownFileType = sourcecode.swift; path = LeaguesModel.swift; sourceTree = "<group>"; };
		E548A8472AC4AD8C001582FA /* LeaguesAPI.swift */ = {isa = PBXFileReference; lastKnownFileType = sourcecode.swift; path = LeaguesAPI.swift; sourceTree = "<group>"; };
		E548A8492AC4ADA5001582FA /* LeaguesAPIProtocol.swift */ = {isa = PBXFileReference; lastKnownFileType = sourcecode.swift; path = LeaguesAPIProtocol.swift; sourceTree = "<group>"; };
		E548A84B2AC4AE3E001582FA /* LeaguesNetworking.swift */ = {isa = PBXFileReference; lastKnownFileType = sourcecode.swift; path = LeaguesNetworking.swift; sourceTree = "<group>"; };
		E548A84D2AC4BD7C001582FA /* LeaguesData.swift */ = {isa = PBXFileReference; lastKnownFileType = sourcecode.swift; path = LeaguesData.swift; sourceTree = "<group>"; };
		E548A84F2AC4D80E001582FA /* CustomView.swift */ = {isa = PBXFileReference; lastKnownFileType = sourcecode.swift; path = CustomView.swift; sourceTree = "<group>"; };
/* End PBXFileReference section */

/* Begin PBXFrameworksBuildPhase section */
		32E2BDA42AC4636A00257ADA /* Frameworks */ = {
			isa = PBXFrameworksBuildPhase;
			buildActionMask = 2147483647;
			files = (
				32490D142AC4724C001D7F06 /* Kingfisher in Frameworks */,
				32490D0E2AC47134001D7F06 /* Alamofire in Frameworks */,
				32490D112AC47200001D7F06 /* Lottie in Frameworks */,
			);
			runOnlyForDeploymentPostprocessing = 0;
		};
		32E2BDBD2AC4636C00257ADA /* Frameworks */ = {
			isa = PBXFrameworksBuildPhase;
			buildActionMask = 2147483647;
			files = (
			);
			runOnlyForDeploymentPostprocessing = 0;
		};
		32E2BDC72AC4636C00257ADA /* Frameworks */ = {
			isa = PBXFrameworksBuildPhase;
			buildActionMask = 2147483647;
			files = (
			);
			runOnlyForDeploymentPostprocessing = 0;
		};
/* End PBXFrameworksBuildPhase section */

/* Begin PBXGroup section */
		32E2BD9E2AC4636A00257ADA = {
			isa = PBXGroup;
			children = (
				32E2BDA92AC4636A00257ADA /* SportsProject */,
				32E2BDC32AC4636C00257ADA /* SportsProjectTests */,
				32E2BDCD2AC4636C00257ADA /* SportsProjectUITests */,
				32E2BDA82AC4636A00257ADA /* Products */,
			);
			sourceTree = "<group>";
		};
		32E2BDA82AC4636A00257ADA /* Products */ = {
			isa = PBXGroup;
			children = (
				32E2BDA72AC4636A00257ADA /* SportsProject.app */,
				32E2BDC02AC4636C00257ADA /* SportsProjectTests.xctest */,
				32E2BDCA2AC4636C00257ADA /* SportsProjectUITests.xctest */,
			);
			name = Products;
			sourceTree = "<group>";
		};
		32E2BDA92AC4636A00257ADA /* SportsProject */ = {
			isa = PBXGroup;
			children = (
				E548A8222AC47CA5001582FA /* Services */,
				32E2BDE12AC4675500257ADA /* View */,
				E548A8392AC490ED001582FA /* Extensions */,
				32E2BDE02AC4674400257ADA /* SupportingFile */,
				32E2BDDF2AC4673800257ADA /* ViewModel */,
				32E2BDDE2AC4672F00257ADA /* Model */,
				32E2BDDD2AC4672400257ADA /* Module */,
				32E2BDB62AC4636C00257ADA /* Assets.xcassets */,
				32E2BDBB2AC4636C00257ADA /* Info.plist */,
				32E2BDB32AC4636A00257ADA /* SportsProject.xcdatamodeld */,
			);
			path = SportsProject;
			sourceTree = "<group>";
		};
		32E2BDC32AC4636C00257ADA /* SportsProjectTests */ = {
			isa = PBXGroup;
			children = (
				32E2BDC42AC4636C00257ADA /* SportsProjectTests.swift */,
			);
			path = SportsProjectTests;
			sourceTree = "<group>";
		};
		32E2BDCD2AC4636C00257ADA /* SportsProjectUITests */ = {
			isa = PBXGroup;
			children = (
				32E2BDCE2AC4636C00257ADA /* SportsProjectUITests.swift */,
				32E2BDD02AC4636C00257ADA /* SportsProjectUITestsLaunchTests.swift */,
			);
			path = SportsProjectUITests;
			sourceTree = "<group>";
		};
		32E2BDDD2AC4672400257ADA /* Module */ = {
			isa = PBXGroup;
			children = (
				E548A81D2AC47B53001582FA /* Leagues */,
				32E2BDEC2AC46D2B00257ADA /* Home */,
			);
			path = Module;
			sourceTree = "<group>";
		};
		32E2BDDE2AC4672F00257ADA /* Model */ = {
			isa = PBXGroup;
			children = (
			);
			path = Model;
			sourceTree = "<group>";
		};
		32E2BDDF2AC4673800257ADA /* ViewModel */ = {
			isa = PBXGroup;
			children = (
			);
			path = ViewModel;
			sourceTree = "<group>";
		};
		32E2BDE02AC4674400257ADA /* SupportingFile */ = {
			isa = PBXGroup;
			children = (
				32E2BDAA2AC4636A00257ADA /* AppDelegate.swift */,
				32E2BDAC2AC4636A00257ADA /* SceneDelegate.swift */,
				E548A8372AC48F94001582FA /* Constant.swift */,
			);
			path = SupportingFile;
			sourceTree = "<group>";
		};
		32E2BDE12AC4675500257ADA /* View */ = {
			isa = PBXGroup;
			children = (
				32E2BDB82AC4636C00257ADA /* LaunchScreen.storyboard */,
			);
			path = View;
			sourceTree = "<group>";
		};
		32E2BDEC2AC46D2B00257ADA /* Home */ = {
			isa = PBXGroup;
			children = (
				32E2BDE82AC4693400257ADA /* HomeViewController.swift */,
				32E2BDE92AC4693400257ADA /* HomeViewController.xib */,
			);
			path = Home;
			sourceTree = "<group>";
		};
		E548A81D2AC47B53001582FA /* Leagues */ = {
			isa = PBXGroup;
			children = (
				E548A8202AC47BA9001582FA /* Presenter */,
				E548A81F2AC47BA2001582FA /* View */,
				E548A81E2AC47B87001582FA /* Model */,
			);
			path = Leagues;
			sourceTree = "<group>";
		};
		E548A81E2AC47B87001582FA /* Model */ = {
			isa = PBXGroup;
			children = (
				E548A8462AC4AD5A001582FA /* Networking */,
				E548A8442AC496AB001582FA /* LeaguesModel.swift */,
				E548A84D2AC4BD7C001582FA /* LeaguesData.swift */,
			);
			path = Model;
			sourceTree = "<group>";
		};
		E548A81F2AC47BA2001582FA /* View */ = {
			isa = PBXGroup;
			children = (
				E548A8322AC487DA001582FA /* Cell */,
				E548A8402AC49333001582FA /* LeaguesProtocol.swift */,
				E548A82E2AC48753001582FA /* LeaguesViewController.swift */,
				E548A82F2AC48753001582FA /* LeaguesViewController.xib */,
			);
			path = View;
			sourceTree = "<group>";
		};
		E548A8202AC47BA9001582FA /* Presenter */ = {
			isa = PBXGroup;
			children = (
				E548A8422AC493ED001582FA /* LeaguesPresenter.swift */,
			);
			path = Presenter;
			sourceTree = "<group>";
		};
		E548A8222AC47CA5001582FA /* Services */ = {
			isa = PBXGroup;
			children = (
				E548A8242AC47CBB001582FA /* DataBase */,
				E548A8232AC47CB2001582FA /* Networking */,
			);
			path = Services;
			sourceTree = "<group>";
		};
		E548A8232AC47CB2001582FA /* Networking */ = {
			isa = PBXGroup;
			children = (
				E548A8252AC47ED0001582FA /* Constants */,
				E548A8282AC4826A001582FA /* TargetType.swift */,
				E548A82A2AC4829F001582FA /* BaseAPI.swift */,
			);
			path = Networking;
			sourceTree = "<group>";
		};
		E548A8242AC47CBB001582FA /* DataBase */ = {
			isa = PBXGroup;
			children = (
			);
			path = DataBase;
			sourceTree = "<group>";
		};
		E548A8252AC47ED0001582FA /* Constants */ = {
			isa = PBXGroup;
			children = (
				E548A8262AC47EF4001582FA /* URLs.swift */,
				E548A82C2AC482D8001582FA /* ErrorMessage.swift */,
			);
			path = Constants;
			sourceTree = "<group>";
		};
		E548A8322AC487DA001582FA /* Cell */ = {
			isa = PBXGroup;
			children = (
				E548A8332AC4880D001582FA /* LeaguesCell.swift */,
				E548A8342AC4880D001582FA /* LeaguesCell.xib */,
			);
			path = Cell;
			sourceTree = "<group>";
		};
		E548A8392AC490ED001582FA /* Extensions */ = {
			isa = PBXGroup;
			children = (
				E548A83A2AC4914E001582FA /* UITableViewCell + Identifier.swift */,
				E548A83C2AC49171001582FA /* UIViewController + Identifier.swift */,
				E548A84F2AC4D80E001582FA /* CustomView.swift */,
			);
			path = Extensions;
			sourceTree = "<group>";
		};
		E548A8462AC4AD5A001582FA /* Networking */ = {
			isa = PBXGroup;
			children = (
				E548A8472AC4AD8C001582FA /* LeaguesAPI.swift */,
				E548A8492AC4ADA5001582FA /* LeaguesAPIProtocol.swift */,
				E548A84B2AC4AE3E001582FA /* LeaguesNetworking.swift */,
			);
			path = Networking;
			sourceTree = "<group>";
		};
/* End PBXGroup section */

/* Begin PBXNativeTarget section */
		32E2BDA62AC4636A00257ADA /* SportsProject */ = {
			isa = PBXNativeTarget;
			buildConfigurationList = 32E2BDD42AC4636C00257ADA /* Build configuration list for PBXNativeTarget "SportsProject" */;
			buildPhases = (
				32E2BDA32AC4636A00257ADA /* Sources */,
				32E2BDA42AC4636A00257ADA /* Frameworks */,
				32E2BDA52AC4636A00257ADA /* Resources */,
			);
			buildRules = (
			);
			dependencies = (
			);
			name = SportsProject;
			packageProductDependencies = (
				32490D0D2AC47134001D7F06 /* Alamofire */,
				32490D102AC47200001D7F06 /* Lottie */,
				32490D132AC4724C001D7F06 /* Kingfisher */,
			);
			productName = SportsProject;
			productReference = 32E2BDA72AC4636A00257ADA /* SportsProject.app */;
			productType = "com.apple.product-type.application";
		};
		32E2BDBF2AC4636C00257ADA /* SportsProjectTests */ = {
			isa = PBXNativeTarget;
			buildConfigurationList = 32E2BDD72AC4636C00257ADA /* Build configuration list for PBXNativeTarget "SportsProjectTests" */;
			buildPhases = (
				32E2BDBC2AC4636C00257ADA /* Sources */,
				32E2BDBD2AC4636C00257ADA /* Frameworks */,
				32E2BDBE2AC4636C00257ADA /* Resources */,
			);
			buildRules = (
			);
			dependencies = (
				32E2BDC22AC4636C00257ADA /* PBXTargetDependency */,
			);
			name = SportsProjectTests;
			productName = SportsProjectTests;
			productReference = 32E2BDC02AC4636C00257ADA /* SportsProjectTests.xctest */;
			productType = "com.apple.product-type.bundle.unit-test";
		};
		32E2BDC92AC4636C00257ADA /* SportsProjectUITests */ = {
			isa = PBXNativeTarget;
			buildConfigurationList = 32E2BDDA2AC4636C00257ADA /* Build configuration list for PBXNativeTarget "SportsProjectUITests" */;
			buildPhases = (
				32E2BDC62AC4636C00257ADA /* Sources */,
				32E2BDC72AC4636C00257ADA /* Frameworks */,
				32E2BDC82AC4636C00257ADA /* Resources */,
			);
			buildRules = (
			);
			dependencies = (
				32E2BDCC2AC4636C00257ADA /* PBXTargetDependency */,
			);
			name = SportsProjectUITests;
			productName = SportsProjectUITests;
			productReference = 32E2BDCA2AC4636C00257ADA /* SportsProjectUITests.xctest */;
			productType = "com.apple.product-type.bundle.ui-testing";
		};
/* End PBXNativeTarget section */

/* Begin PBXProject section */
		32E2BD9F2AC4636A00257ADA /* Project object */ = {
			isa = PBXProject;
			attributes = {
				BuildIndependentTargetsInParallel = 1;
				LastSwiftUpdateCheck = 1430;
				LastUpgradeCheck = 1430;
				TargetAttributes = {
					32E2BDA62AC4636A00257ADA = {
						CreatedOnToolsVersion = 14.3;
					};
					32E2BDBF2AC4636C00257ADA = {
						CreatedOnToolsVersion = 14.3;
						TestTargetID = 32E2BDA62AC4636A00257ADA;
					};
					32E2BDC92AC4636C00257ADA = {
						CreatedOnToolsVersion = 14.3;
						TestTargetID = 32E2BDA62AC4636A00257ADA;
					};
				};
			};
			buildConfigurationList = 32E2BDA22AC4636A00257ADA /* Build configuration list for PBXProject "SportsProject" */;
			compatibilityVersion = "Xcode 14.0";
			developmentRegion = en;
			hasScannedForEncodings = 0;
			knownRegions = (
				en,
				Base,
			);
			mainGroup = 32E2BD9E2AC4636A00257ADA;
			packageReferences = (
				32490D0C2AC47134001D7F06 /* XCRemoteSwiftPackageReference "Alamofire" */,
				32490D0F2AC47200001D7F06 /* XCRemoteSwiftPackageReference "lottie-ios" */,
				32490D122AC4724C001D7F06 /* XCRemoteSwiftPackageReference "Kingfisher" */,
			);
			productRefGroup = 32E2BDA82AC4636A00257ADA /* Products */;
			projectDirPath = "";
			projectRoot = "";
			targets = (
				32E2BDA62AC4636A00257ADA /* SportsProject */,
				32E2BDBF2AC4636C00257ADA /* SportsProjectTests */,
				32E2BDC92AC4636C00257ADA /* SportsProjectUITests */,
			);
		};
/* End PBXProject section */

/* Begin PBXResourcesBuildPhase section */
		32E2BDA52AC4636A00257ADA /* Resources */ = {
			isa = PBXResourcesBuildPhase;
			buildActionMask = 2147483647;
			files = (
				32E2BDBA2AC4636C00257ADA /* LaunchScreen.storyboard in Resources */,
				E548A8362AC4880D001582FA /* LeaguesCell.xib in Resources */,
				32E2BDB72AC4636C00257ADA /* Assets.xcassets in Resources */,
				32E2BDEB2AC4693400257ADA /* HomeViewController.xib in Resources */,
				E548A8312AC48753001582FA /* LeaguesViewController.xib in Resources */,
			);
			runOnlyForDeploymentPostprocessing = 0;
		};
		32E2BDBE2AC4636C00257ADA /* Resources */ = {
			isa = PBXResourcesBuildPhase;
			buildActionMask = 2147483647;
			files = (
			);
			runOnlyForDeploymentPostprocessing = 0;
		};
		32E2BDC82AC4636C00257ADA /* Resources */ = {
			isa = PBXResourcesBuildPhase;
			buildActionMask = 2147483647;
			files = (
			);
			runOnlyForDeploymentPostprocessing = 0;
		};
/* End PBXResourcesBuildPhase section */

/* Begin PBXSourcesBuildPhase section */
		32E2BDA32AC4636A00257ADA /* Sources */ = {
			isa = PBXSourcesBuildPhase;
			buildActionMask = 2147483647;
			files = (
				E548A8352AC4880D001582FA /* LeaguesCell.swift in Sources */,
				E548A84A2AC4ADA5001582FA /* LeaguesAPIProtocol.swift in Sources */,
				E548A8292AC4826A001582FA /* TargetType.swift in Sources */,
				E548A8502AC4D80E001582FA /* CustomView.swift in Sources */,
				E548A84C2AC4AE3E001582FA /* LeaguesNetworking.swift in Sources */,
				E548A84E2AC4BD7C001582FA /* LeaguesData.swift in Sources */,
				E548A8272AC47EF4001582FA /* URLs.swift in Sources */,
				32E2BDB52AC4636A00257ADA /* SportsProject.xcdatamodeld in Sources */,
				E548A8452AC496AB001582FA /* LeaguesModel.swift in Sources */,
				32E2BDAB2AC4636A00257ADA /* AppDelegate.swift in Sources */,
				E548A8412AC49334001582FA /* LeaguesProtocol.swift in Sources */,
				E548A83D2AC49171001582FA /* UIViewController + Identifier.swift in Sources */,
				E548A82D2AC482D8001582FA /* ErrorMessage.swift in Sources */,
				E548A8432AC493ED001582FA /* LeaguesPresenter.swift in Sources */,
				E548A8482AC4AD8C001582FA /* LeaguesAPI.swift in Sources */,
				32E2BDAD2AC4636A00257ADA /* SceneDelegate.swift in Sources */,
				32E2BDEA2AC4693400257ADA /* HomeViewController.swift in Sources */,
				E548A83B2AC4914E001582FA /* UITableViewCell + Identifier.swift in Sources */,
				E548A8382AC48F94001582FA /* Constant.swift in Sources */,
				E548A82B2AC4829F001582FA /* BaseAPI.swift in Sources */,
				E548A8302AC48753001582FA /* LeaguesViewController.swift in Sources */,
			);
			runOnlyForDeploymentPostprocessing = 0;
		};
		32E2BDBC2AC4636C00257ADA /* Sources */ = {
			isa = PBXSourcesBuildPhase;
			buildActionMask = 2147483647;
			files = (
				32E2BDC52AC4636C00257ADA /* SportsProjectTests.swift in Sources */,
			);
			runOnlyForDeploymentPostprocessing = 0;
		};
		32E2BDC62AC4636C00257ADA /* Sources */ = {
			isa = PBXSourcesBuildPhase;
			buildActionMask = 2147483647;
			files = (
				32E2BDCF2AC4636C00257ADA /* SportsProjectUITests.swift in Sources */,
				32E2BDD12AC4636C00257ADA /* SportsProjectUITestsLaunchTests.swift in Sources */,
			);
			runOnlyForDeploymentPostprocessing = 0;
		};
/* End PBXSourcesBuildPhase section */

/* Begin PBXTargetDependency section */
		32E2BDC22AC4636C00257ADA /* PBXTargetDependency */ = {
			isa = PBXTargetDependency;
			target = 32E2BDA62AC4636A00257ADA /* SportsProject */;
			targetProxy = 32E2BDC12AC4636C00257ADA /* PBXContainerItemProxy */;
		};
		32E2BDCC2AC4636C00257ADA /* PBXTargetDependency */ = {
			isa = PBXTargetDependency;
			target = 32E2BDA62AC4636A00257ADA /* SportsProject */;
			targetProxy = 32E2BDCB2AC4636C00257ADA /* PBXContainerItemProxy */;
		};
/* End PBXTargetDependency section */

/* Begin PBXVariantGroup section */
		32E2BDB82AC4636C00257ADA /* LaunchScreen.storyboard */ = {
			isa = PBXVariantGroup;
			children = (
				32E2BDB92AC4636C00257ADA /* Base */,
			);
			name = LaunchScreen.storyboard;
			sourceTree = "<group>";
		};
/* End PBXVariantGroup section */

/* Begin XCBuildConfiguration section */
		32E2BDD22AC4636C00257ADA /* Debug */ = {
			isa = XCBuildConfiguration;
			buildSettings = {
				ALWAYS_SEARCH_USER_PATHS = NO;
				CLANG_ANALYZER_NONNULL = YES;
				CLANG_ANALYZER_NUMBER_OBJECT_CONVERSION = YES_AGGRESSIVE;
				CLANG_CXX_LANGUAGE_STANDARD = "gnu++20";
				CLANG_ENABLE_MODULES = YES;
				CLANG_ENABLE_OBJC_ARC = YES;
				CLANG_ENABLE_OBJC_WEAK = YES;
				CLANG_WARN_BLOCK_CAPTURE_AUTORELEASING = YES;
				CLANG_WARN_BOOL_CONVERSION = YES;
				CLANG_WARN_COMMA = YES;
				CLANG_WARN_CONSTANT_CONVERSION = YES;
				CLANG_WARN_DEPRECATED_OBJC_IMPLEMENTATIONS = YES;
				CLANG_WARN_DIRECT_OBJC_ISA_USAGE = YES_ERROR;
				CLANG_WARN_DOCUMENTATION_COMMENTS = YES;
				CLANG_WARN_EMPTY_BODY = YES;
				CLANG_WARN_ENUM_CONVERSION = YES;
				CLANG_WARN_INFINITE_RECURSION = YES;
				CLANG_WARN_INT_CONVERSION = YES;
				CLANG_WARN_NON_LITERAL_NULL_CONVERSION = YES;
				CLANG_WARN_OBJC_IMPLICIT_RETAIN_SELF = YES;
				CLANG_WARN_OBJC_LITERAL_CONVERSION = YES;
				CLANG_WARN_OBJC_ROOT_CLASS = YES_ERROR;
				CLANG_WARN_QUOTED_INCLUDE_IN_FRAMEWORK_HEADER = YES;
				CLANG_WARN_RANGE_LOOP_ANALYSIS = YES;
				CLANG_WARN_STRICT_PROTOTYPES = YES;
				CLANG_WARN_SUSPICIOUS_MOVE = YES;
				CLANG_WARN_UNGUARDED_AVAILABILITY = YES_AGGRESSIVE;
				CLANG_WARN_UNREACHABLE_CODE = YES;
				CLANG_WARN__DUPLICATE_METHOD_MATCH = YES;
				COPY_PHASE_STRIP = NO;
				DEBUG_INFORMATION_FORMAT = dwarf;
				ENABLE_STRICT_OBJC_MSGSEND = YES;
				ENABLE_TESTABILITY = YES;
				GCC_C_LANGUAGE_STANDARD = gnu11;
				GCC_DYNAMIC_NO_PIC = NO;
				GCC_NO_COMMON_BLOCKS = YES;
				GCC_OPTIMIZATION_LEVEL = 0;
				GCC_PREPROCESSOR_DEFINITIONS = (
					"DEBUG=1",
					"$(inherited)",
				);
				GCC_WARN_64_TO_32_BIT_CONVERSION = YES;
				GCC_WARN_ABOUT_RETURN_TYPE = YES_ERROR;
				GCC_WARN_UNDECLARED_SELECTOR = YES;
				GCC_WARN_UNINITIALIZED_AUTOS = YES_AGGRESSIVE;
				GCC_WARN_UNUSED_FUNCTION = YES;
				GCC_WARN_UNUSED_VARIABLE = YES;
				IPHONEOS_DEPLOYMENT_TARGET = 16.4;
				MTL_ENABLE_DEBUG_INFO = INCLUDE_SOURCE;
				MTL_FAST_MATH = YES;
				ONLY_ACTIVE_ARCH = YES;
				SDKROOT = iphoneos;
				SWIFT_ACTIVE_COMPILATION_CONDITIONS = DEBUG;
				SWIFT_OPTIMIZATION_LEVEL = "-Onone";
			};
			name = Debug;
		};
		32E2BDD32AC4636C00257ADA /* Release */ = {
			isa = XCBuildConfiguration;
			buildSettings = {
				ALWAYS_SEARCH_USER_PATHS = NO;
				CLANG_ANALYZER_NONNULL = YES;
				CLANG_ANALYZER_NUMBER_OBJECT_CONVERSION = YES_AGGRESSIVE;
				CLANG_CXX_LANGUAGE_STANDARD = "gnu++20";
				CLANG_ENABLE_MODULES = YES;
				CLANG_ENABLE_OBJC_ARC = YES;
				CLANG_ENABLE_OBJC_WEAK = YES;
				CLANG_WARN_BLOCK_CAPTURE_AUTORELEASING = YES;
				CLANG_WARN_BOOL_CONVERSION = YES;
				CLANG_WARN_COMMA = YES;
				CLANG_WARN_CONSTANT_CONVERSION = YES;
				CLANG_WARN_DEPRECATED_OBJC_IMPLEMENTATIONS = YES;
				CLANG_WARN_DIRECT_OBJC_ISA_USAGE = YES_ERROR;
				CLANG_WARN_DOCUMENTATION_COMMENTS = YES;
				CLANG_WARN_EMPTY_BODY = YES;
				CLANG_WARN_ENUM_CONVERSION = YES;
				CLANG_WARN_INFINITE_RECURSION = YES;
				CLANG_WARN_INT_CONVERSION = YES;
				CLANG_WARN_NON_LITERAL_NULL_CONVERSION = YES;
				CLANG_WARN_OBJC_IMPLICIT_RETAIN_SELF = YES;
				CLANG_WARN_OBJC_LITERAL_CONVERSION = YES;
				CLANG_WARN_OBJC_ROOT_CLASS = YES_ERROR;
				CLANG_WARN_QUOTED_INCLUDE_IN_FRAMEWORK_HEADER = YES;
				CLANG_WARN_RANGE_LOOP_ANALYSIS = YES;
				CLANG_WARN_STRICT_PROTOTYPES = YES;
				CLANG_WARN_SUSPICIOUS_MOVE = YES;
				CLANG_WARN_UNGUARDED_AVAILABILITY = YES_AGGRESSIVE;
				CLANG_WARN_UNREACHABLE_CODE = YES;
				CLANG_WARN__DUPLICATE_METHOD_MATCH = YES;
				COPY_PHASE_STRIP = NO;
				DEBUG_INFORMATION_FORMAT = "dwarf-with-dsym";
				ENABLE_NS_ASSERTIONS = NO;
				ENABLE_STRICT_OBJC_MSGSEND = YES;
				GCC_C_LANGUAGE_STANDARD = gnu11;
				GCC_NO_COMMON_BLOCKS = YES;
				GCC_WARN_64_TO_32_BIT_CONVERSION = YES;
				GCC_WARN_ABOUT_RETURN_TYPE = YES_ERROR;
				GCC_WARN_UNDECLARED_SELECTOR = YES;
				GCC_WARN_UNINITIALIZED_AUTOS = YES_AGGRESSIVE;
				GCC_WARN_UNUSED_FUNCTION = YES;
				GCC_WARN_UNUSED_VARIABLE = YES;
				IPHONEOS_DEPLOYMENT_TARGET = 16.4;
				MTL_ENABLE_DEBUG_INFO = NO;
				MTL_FAST_MATH = YES;
				SDKROOT = iphoneos;
				SWIFT_COMPILATION_MODE = wholemodule;
				SWIFT_OPTIMIZATION_LEVEL = "-O";
				VALIDATE_PRODUCT = YES;
			};
			name = Release;
		};
		32E2BDD52AC4636C00257ADA /* Debug */ = {
			isa = XCBuildConfiguration;
			buildSettings = {
				ASSETCATALOG_COMPILER_APPICON_NAME = AppIcon;
				ASSETCATALOG_COMPILER_GLOBAL_ACCENT_COLOR_NAME = AccentColor;
				CODE_SIGN_STYLE = Automatic;
				CURRENT_PROJECT_VERSION = 1;
				GENERATE_INFOPLIST_FILE = YES;
				INFOPLIST_FILE = SportsProject/Info.plist;
				INFOPLIST_KEY_UIApplicationSupportsIndirectInputEvents = YES;
				INFOPLIST_KEY_UILaunchStoryboardName = LaunchScreen;
				INFOPLIST_KEY_UISupportedInterfaceOrientations_iPad = "UIInterfaceOrientationPortrait UIInterfaceOrientationPortraitUpsideDown UIInterfaceOrientationLandscapeLeft UIInterfaceOrientationLandscapeRight";
				INFOPLIST_KEY_UISupportedInterfaceOrientations_iPhone = "UIInterfaceOrientationPortrait UIInterfaceOrientationLandscapeLeft UIInterfaceOrientationLandscapeRight";
				LD_RUNPATH_SEARCH_PATHS = (
					"$(inherited)",
					"@executable_path/Frameworks",
				);
				MARKETING_VERSION = 1.0;
				PRODUCT_BUNDLE_IDENTIFIER = Hoda.SportsProject;
				PRODUCT_NAME = "$(TARGET_NAME)";
				SWIFT_EMIT_LOC_STRINGS = YES;
				SWIFT_VERSION = 5.0;
				TARGETED_DEVICE_FAMILY = "1,2";
			};
			name = Debug;
		};
		32E2BDD62AC4636C00257ADA /* Release */ = {
			isa = XCBuildConfiguration;
			buildSettings = {
				ASSETCATALOG_COMPILER_APPICON_NAME = AppIcon;
				ASSETCATALOG_COMPILER_GLOBAL_ACCENT_COLOR_NAME = AccentColor;
				CODE_SIGN_STYLE = Automatic;
				CURRENT_PROJECT_VERSION = 1;
				GENERATE_INFOPLIST_FILE = YES;
				INFOPLIST_FILE = SportsProject/Info.plist;
				INFOPLIST_KEY_UIApplicationSupportsIndirectInputEvents = YES;
				INFOPLIST_KEY_UILaunchStoryboardName = LaunchScreen;
				INFOPLIST_KEY_UISupportedInterfaceOrientations_iPad = "UIInterfaceOrientationPortrait UIInterfaceOrientationPortraitUpsideDown UIInterfaceOrientationLandscapeLeft UIInterfaceOrientationLandscapeRight";
				INFOPLIST_KEY_UISupportedInterfaceOrientations_iPhone = "UIInterfaceOrientationPortrait UIInterfaceOrientationLandscapeLeft UIInterfaceOrientationLandscapeRight";
				LD_RUNPATH_SEARCH_PATHS = (
					"$(inherited)",
					"@executable_path/Frameworks",
				);
				MARKETING_VERSION = 1.0;
				PRODUCT_BUNDLE_IDENTIFIER = Hoda.SportsProject;
				PRODUCT_NAME = "$(TARGET_NAME)";
				SWIFT_EMIT_LOC_STRINGS = YES;
				SWIFT_VERSION = 5.0;
				TARGETED_DEVICE_FAMILY = "1,2";
			};
			name = Release;
		};
		32E2BDD82AC4636C00257ADA /* Debug */ = {
			isa = XCBuildConfiguration;
			buildSettings = {
				ALWAYS_EMBED_SWIFT_STANDARD_LIBRARIES = YES;
				BUNDLE_LOADER = "$(TEST_HOST)";
				CODE_SIGN_STYLE = Automatic;
				CURRENT_PROJECT_VERSION = 1;
				GENERATE_INFOPLIST_FILE = YES;
				IPHONEOS_DEPLOYMENT_TARGET = 16.4;
				MARKETING_VERSION = 1.0;
				PRODUCT_BUNDLE_IDENTIFIER = Hoda.SportsProjectTests;
				PRODUCT_NAME = "$(TARGET_NAME)";
				SWIFT_EMIT_LOC_STRINGS = NO;
				SWIFT_VERSION = 5.0;
				TARGETED_DEVICE_FAMILY = "1,2";
				TEST_HOST = "$(BUILT_PRODUCTS_DIR)/SportsProject.app/$(BUNDLE_EXECUTABLE_FOLDER_PATH)/SportsProject";
			};
			name = Debug;
		};
		32E2BDD92AC4636C00257ADA /* Release */ = {
			isa = XCBuildConfiguration;
			buildSettings = {
				ALWAYS_EMBED_SWIFT_STANDARD_LIBRARIES = YES;
				BUNDLE_LOADER = "$(TEST_HOST)";
				CODE_SIGN_STYLE = Automatic;
				CURRENT_PROJECT_VERSION = 1;
				GENERATE_INFOPLIST_FILE = YES;
				IPHONEOS_DEPLOYMENT_TARGET = 16.4;
				MARKETING_VERSION = 1.0;
				PRODUCT_BUNDLE_IDENTIFIER = Hoda.SportsProjectTests;
				PRODUCT_NAME = "$(TARGET_NAME)";
				SWIFT_EMIT_LOC_STRINGS = NO;
				SWIFT_VERSION = 5.0;
				TARGETED_DEVICE_FAMILY = "1,2";
				TEST_HOST = "$(BUILT_PRODUCTS_DIR)/SportsProject.app/$(BUNDLE_EXECUTABLE_FOLDER_PATH)/SportsProject";
			};
			name = Release;
		};
		32E2BDDB2AC4636C00257ADA /* Debug */ = {
			isa = XCBuildConfiguration;
			buildSettings = {
				ALWAYS_EMBED_SWIFT_STANDARD_LIBRARIES = YES;
				CODE_SIGN_STYLE = Automatic;
				CURRENT_PROJECT_VERSION = 1;
				GENERATE_INFOPLIST_FILE = YES;
				MARKETING_VERSION = 1.0;
				PRODUCT_BUNDLE_IDENTIFIER = Hoda.SportsProjectUITests;
				PRODUCT_NAME = "$(TARGET_NAME)";
				SWIFT_EMIT_LOC_STRINGS = NO;
				SWIFT_VERSION = 5.0;
				TARGETED_DEVICE_FAMILY = "1,2";
				TEST_TARGET_NAME = SportsProject;
			};
			name = Debug;
		};
		32E2BDDC2AC4636C00257ADA /* Release */ = {
			isa = XCBuildConfiguration;
			buildSettings = {
				ALWAYS_EMBED_SWIFT_STANDARD_LIBRARIES = YES;
				CODE_SIGN_STYLE = Automatic;
				CURRENT_PROJECT_VERSION = 1;
				GENERATE_INFOPLIST_FILE = YES;
				MARKETING_VERSION = 1.0;
				PRODUCT_BUNDLE_IDENTIFIER = Hoda.SportsProjectUITests;
				PRODUCT_NAME = "$(TARGET_NAME)";
				SWIFT_EMIT_LOC_STRINGS = NO;
				SWIFT_VERSION = 5.0;
				TARGETED_DEVICE_FAMILY = "1,2";
				TEST_TARGET_NAME = SportsProject;
			};
			name = Release;
		};
/* End XCBuildConfiguration section */

/* Begin XCConfigurationList section */
		32E2BDA22AC4636A00257ADA /* Build configuration list for PBXProject "SportsProject" */ = {
			isa = XCConfigurationList;
			buildConfigurations = (
				32E2BDD22AC4636C00257ADA /* Debug */,
				32E2BDD32AC4636C00257ADA /* Release */,
			);
			defaultConfigurationIsVisible = 0;
			defaultConfigurationName = Release;
		};
		32E2BDD42AC4636C00257ADA /* Build configuration list for PBXNativeTarget "SportsProject" */ = {
			isa = XCConfigurationList;
			buildConfigurations = (
				32E2BDD52AC4636C00257ADA /* Debug */,
				32E2BDD62AC4636C00257ADA /* Release */,
			);
			defaultConfigurationIsVisible = 0;
			defaultConfigurationName = Release;
		};
		32E2BDD72AC4636C00257ADA /* Build configuration list for PBXNativeTarget "SportsProjectTests" */ = {
			isa = XCConfigurationList;
			buildConfigurations = (
				32E2BDD82AC4636C00257ADA /* Debug */,
				32E2BDD92AC4636C00257ADA /* Release */,
			);
			defaultConfigurationIsVisible = 0;
			defaultConfigurationName = Release;
		};
		32E2BDDA2AC4636C00257ADA /* Build configuration list for PBXNativeTarget "SportsProjectUITests" */ = {
			isa = XCConfigurationList;
			buildConfigurations = (
				32E2BDDB2AC4636C00257ADA /* Debug */,
				32E2BDDC2AC4636C00257ADA /* Release */,
			);
			defaultConfigurationIsVisible = 0;
			defaultConfigurationName = Release;
		};
/* End XCConfigurationList section */

/* Begin XCRemoteSwiftPackageReference section */
		32490D0C2AC47134001D7F06 /* XCRemoteSwiftPackageReference "Alamofire" */ = {
			isa = XCRemoteSwiftPackageReference;
			repositoryURL = "https://github.com/Alamofire/Alamofire";
			requirement = {
				kind = exactVersion;
				version = 5.8.0;
			};
		};
		32490D0F2AC47200001D7F06 /* XCRemoteSwiftPackageReference "lottie-ios" */ = {
			isa = XCRemoteSwiftPackageReference;
			repositoryURL = "https://github.com/airbnb/lottie-ios";
			requirement = {
				kind = exactVersion;
				version = 4.3.2;
			};
		};
		32490D122AC4724C001D7F06 /* XCRemoteSwiftPackageReference "Kingfisher" */ = {
			isa = XCRemoteSwiftPackageReference;
			repositoryURL = "https://github.com/onevcat/Kingfisher";
			requirement = {
				kind = exactVersion;
				version = 7.9.1;
			};
		};
/* End XCRemoteSwiftPackageReference section */

/* Begin XCSwiftPackageProductDependency section */
		32490D0D2AC47134001D7F06 /* Alamofire */ = {
			isa = XCSwiftPackageProductDependency;
			package = 32490D0C2AC47134001D7F06 /* XCRemoteSwiftPackageReference "Alamofire" */;
			productName = Alamofire;
		};
		32490D102AC47200001D7F06 /* Lottie */ = {
			isa = XCSwiftPackageProductDependency;
			package = 32490D0F2AC47200001D7F06 /* XCRemoteSwiftPackageReference "lottie-ios" */;
			productName = Lottie;
		};
		32490D132AC4724C001D7F06 /* Kingfisher */ = {
			isa = XCSwiftPackageProductDependency;
			package = 32490D122AC4724C001D7F06 /* XCRemoteSwiftPackageReference "Kingfisher" */;
			productName = Kingfisher;
		};
/* End XCSwiftPackageProductDependency section */

/* Begin XCVersionGroup section */
		32E2BDB32AC4636A00257ADA /* SportsProject.xcdatamodeld */ = {
			isa = XCVersionGroup;
			children = (
				32E2BDB42AC4636A00257ADA /* SportsProject.xcdatamodel */,
			);
			currentVersion = 32E2BDB42AC4636A00257ADA /* SportsProject.xcdatamodel */;
			path = SportsProject.xcdatamodeld;
			sourceTree = "<group>";
			versionGroupType = wrapper.xcdatamodel;
		};
/* End XCVersionGroup section */
	};
	rootObject = 32E2BD9F2AC4636A00257ADA /* Project object */;
}
